{
  "name": "ziee-sandbox-rootfs",
  "version": "1.0.0",
  "lockfileVersion": 3,
  "requires": true,
  "_comment": "npm-style lockfile placeholder. v2 CI will regenerate this with exact tarball integrity hashes captured from a successful reproducible build (`npm ci --ignore-scripts`). Until then the Dockerfile installs unpinned global packages: typescript, ts-node.",
  "packages": {}
}
